
Microsoft Visual Studio Solution File, Format Version 12.00
# Visual Studio Version 17
VisualStudioVersion = 17.12.35527.113
MinimumVisualStudioVersion = 10.0.40219.1
Project("{FAE04EC0-301F-11D3-BF4B-00C04F79EFBC}") = "organizadorCapitulos", "organizadorCapitulos\organizadorCapitulos.csproj", "{33426FF2-0C4E-4EA6-A8F0-EE356134E148}"
EndProject
Project("{FAE04EC0-301F-11D3-BF4B-00C04F79EFBC}") = "organizadorCapitulos.Tests", "organizadorCapitulos.Tests\organizadorCapitulos.Tests.csproj", "{E1ADB0D9-5BF8-4FF8-9FB5-C3484004AAC2}"
EndProject
Global
	GlobalSection(SolutionConfigurationPlatforms) = preSolution
		Debug|Any CPU = Debug|Any CPU
		Debug|x64 = Debug|x64
		Debug|x86 = Debug|x86
		Release|Any CPU = Release|Any CPU
		Release|x64 = Release|x64
		Release|x86 = Release|x86
	EndGlobalSection
	GlobalSection(ProjectConfigurationPlatforms) = postSolution
		{33426FF2-0C4E-4EA6-A8F0-EE356134E148}.Debug|Any CPU.ActiveCfg = Debug|Any CPU
		{33426FF2-0C4E-4EA6-A8F0-EE356134E148}.Debug|Any CPU.Build.0 = Debug|Any CPU
		{33426FF2-0C4E-4EA6-A8F0-EE356134E148}.Debug|x64.ActiveCfg = Debug|Any CPU
		{33426FF2-0C4E-4EA6-A8F0-EE356134E148}.Debug|x64.Build.0 = Debug|Any CPU
		{33426FF2-0C4E-4EA6-A8F0-EE356134E148}.Debug|x86.ActiveCfg = Debug|Any CPU
		{33426FF2-0C4E-4EA6-A8F0-EE356134E148}.Debug|x86.Build.0 = Debug|Any CPU
		{33426FF2-0C4E-4EA6-A8F0-EE356134E148}.Release|Any CPU.ActiveCfg = Release|Any CPU
		{33426FF2-0C4E-4EA6-A8F0-EE356134E148}.Release|Any CPU.Build.0 = Release|Any CPU
		{33426FF2-0C4E-4EA6-A8F0-EE356134E148}.Release|x64.ActiveCfg = Release|Any CPU
		{33426FF2-0C4E-4EA6-A8F0-EE356134E148}.Release|x64.Build.0 = Release|Any CPU
		{33426FF2-0C4E-4EA6-A8F0-EE356134E148}.Release|x86.ActiveCfg = Release|Any CPU
		{33426FF2-0C4E-4EA6-A8F0-EE356134E148}.Release|x86.Build.0 = Release|Any CPU
		{E1ADB0D9-5BF8-4FF8-9FB5-C3484004AAC2}.Debug|Any CPU.ActiveCfg = Debug|Any CPU
		{E1ADB0D9-5BF8-4FF8-9FB5-C3484004AAC2}.Debug|Any CPU.Build.0 = Debug|Any CPU
		{E1ADB0D9-5BF8-4FF8-9FB5-C3484004AAC2}.Debug|x64.ActiveCfg = Debug|Any CPU
		{E1ADB0D9-5BF8-4FF8-9FB5-C3484004AAC2}.Debug|x64.Build.0 = Debug|Any CPU
		{E1ADB0D9-5BF8-4FF8-9FB5-C3484004AAC2}.Debug|x86.ActiveCfg = Debug|Any CPU
		{E1ADB0D9-5BF8-4FF8-9FB5-C3484004AAC2}.Debug|x86.Build.0 = Debug|Any CPU
		{E1ADB0D9-5BF8-4FF8-9FB5-C3484004AAC2}.Release|Any CPU.ActiveCfg = Release|Any CPU
		{E1ADB0D9-5BF8-4FF8-9FB5-C3484004AAC2}.Release|Any CPU.Build.0 = Release|Any CPU
		{E1ADB0D9-5BF8-4FF8-9FB5-C3484004AAC2}.Release|x64.ActiveCfg = Release|Any CPU
		{E1ADB0D9-5BF8-4FF8-9FB5-C3484004AAC2}.Release|x64.Build.0 = Release|Any CPU
		{E1ADB0D9-5BF8-4FF8-9FB5-C3484004AAC2}.Release|x86.ActiveCfg = Release|Any CPU
		{E1ADB0D9-5BF8-4FF8-9FB5-C3484004AAC2}.Release|x86.Build.0 = Release|Any CPU
	EndGlobalSection
	GlobalSection(SolutionProperties) = preSolution
		HideSolutionNode = FALSE
	EndGlobalSection
EndGlobal
